
Microsoft Visual Studio Solution File, Format Version 12.00
# Visual Studio Version 17
VisualStudioVersion = 17.7.34024.191
MinimumVisualStudioVersion = 10.0.40219.1
Project("{FAE04EC0-301F-11D3-BF4B-00C04F79EFBC}") = "lab7", "lab7\lab7.csproj", "{56B7834F-611E-4295-A0A3-5DC74D11FBFD}"
EndProject
Global
	GlobalSection(SolutionConfigurationPlatforms) = preSolution
		Debug|Any CPU = Debug|Any CPU
		Release|Any CPU = Release|Any CPU
	EndGlobalSection
	GlobalSection(ProjectConfigurationPlatforms) = postSolution
		{56B7834F-611E-4295-A0A3-5DC74D11FBFD}.Debug|Any CPU.ActiveCfg = Debug|Any CPU
		{56B7834F-611E-4295-A0A3-5DC74D11FBFD}.Debug|Any CPU.Build.0 = Debug|Any CPU
		{56B7834F-611E-4295-A0A3-5DC74D11FBFD}.Release|Any CPU.ActiveCfg = Release|Any CPU
		{56B7834F-611E-4295-A0A3-5DC74D11FBFD}.Release|Any CPU.Build.0 = Release|Any CPU
	EndGlobalSection
	GlobalSection(SolutionProperties) = preSolution
		HideSolutionNode = FALSE
	EndGlobalSection
	GlobalSection(ExtensibilityGlobals) = postSolution
		SolutionGuid = {E7B4F870-DB79-4412-99E1-D32BD816899F}
	EndGlobalSection
EndGlobal
